
Microsoft Visual Studio Solution File, Format Version 12.00
# Visual Studio Version 17
VisualStudioVersion = 17.6.33829.357
MinimumVisualStudioVersion = 10.0.40219.1
Project("{9A19103F-16F7-4668-BE54-9A1E7A4F7556}") = "BankButtons", "BankButtons.csproj", "{18745AC9-7F70-428F-B8D0-DB55F2FE6E00}"
EndProject
Global
	GlobalSection(SolutionConfigurationPlatforms) = preSolution
		Debug|Any CPU = Debug|Any CPU
		Release|Any CPU = Release|Any CPU
	EndGlobalSection
	GlobalSection(ProjectConfigurationPlatforms) = postSolution
		{18745AC9-7F70-428F-B8D0-DB55F2FE6E00}.Debug|Any CPU.ActiveCfg = Debug|Any CPU
		{18745AC9-7F70-428F-B8D0-DB55F2FE6E00}.Debug|Any CPU.Build.0 = Debug|Any CPU
		{18745AC9-7F70-428F-B8D0-DB55F2FE6E00}.Release|Any CPU.ActiveCfg = Release|Any CPU
		{18745AC9-7F70-428F-B8D0-DB55F2FE6E00}.Release|Any CPU.Build.0 = Release|Any CPU
	EndGlobalSection
	GlobalSection(SolutionProperties) = preSolution
		HideSolutionNode = FALSE
	EndGlobalSection
	GlobalSection(ExtensibilityGlobals) = postSolution
		SolutionGuid = {B8EA390C-6FE7-468B-BB7E-502A5496D677}
	EndGlobalSection
EndGlobal
